// !$*UTF8*$!
{
	archiveVersion = 1;
	classes = {
	};
	objectVersion = 56;
	objects = {

/* Begin PBXBuildFile section */
		77E7B6662AA7637B001BEFB0 /* ExpenseTrackerApp.swift in Sources */ = {isa = PBXBuildFile; fileRef = 77E7B6652AA7637B001BEFB0 /* ExpenseTrackerApp.swift */; };
		77E7B66A2AA7637C001BEFB0 /* Assets.xcassets in Resources */ = {isa = PBXBuildFile; fileRef = 77E7B6692AA7637C001BEFB0 /* Assets.xcassets */; };
		77E7B66D2AA7637C001BEFB0 /* Preview Assets.xcassets in Resources */ = {isa = PBXBuildFile; fileRef = 77E7B66C2AA7637C001BEFB0 /* Preview Assets.xcassets */; };
		77E7B67D2AA7641C001BEFB0 /* ExpensesView.swift in Sources */ = {isa = PBXBuildFile; fileRef = 77E7B67C2AA7641C001BEFB0 /* ExpensesView.swift */; };
		77E7B67F2AA7666D001BEFB0 /* ExpensesViewModel.swift in Sources */ = {isa = PBXBuildFile; fileRef = 77E7B67E2AA7666D001BEFB0 /* ExpensesViewModel.swift */; };
		77E7B6832AA766FD001BEFB0 /* ExpenseItem.swift in Sources */ = {isa = PBXBuildFile; fileRef = 77E7B6822AA766FD001BEFB0 /* ExpenseItem.swift */; };
		77E7B6872AA76F9B001BEFB0 /* ContentUnavailableView.swift in Sources */ = {isa = PBXBuildFile; fileRef = 77E7B6862AA76F9B001BEFB0 /* ContentUnavailableView.swift */; };
		77E7B68A2AA770A6001BEFB0 /* CGFloat+Extension.swift in Sources */ = {isa = PBXBuildFile; fileRef = 77E7B6892AA770A6001BEFB0 /* CGFloat+Extension.swift */; };
		77E7B68C2AA7726A001BEFB0 /* AddExpenseView.swift in Sources */ = {isa = PBXBuildFile; fileRef = 77E7B68B2AA7726A001BEFB0 /* AddExpenseView.swift */; };
		77E7B68E2AA77A5A001BEFB0 /* Expenses.swift in Sources */ = {isa = PBXBuildFile; fileRef = 77E7B68D2AA77A5A001BEFB0 /* Expenses.swift */; };
		77E7B6902AA7917D001BEFB0 /* ExpenseCardView.swift in Sources */ = {isa = PBXBuildFile; fileRef = 77E7B68F2AA7917D001BEFB0 /* ExpenseCardView.swift */; };
/* End PBXBuildFile section */

/* Begin PBXFileReference section */
		77E7B6622AA7637B001BEFB0 /* ExpenseTracker.app */ = {isa = PBXFileReference; explicitFileType = wrapper.application; includeInIndex = 0; path = ExpenseTracker.app; sourceTree = BUILT_PRODUCTS_DIR; };
		77E7B6652AA7637B001BEFB0 /* ExpenseTrackerApp.swift */ = {isa = PBXFileReference; lastKnownFileType = sourcecode.swift; path = ExpenseTrackerApp.swift; sourceTree = "<group>"; };
		77E7B6692AA7637C001BEFB0 /* Assets.xcassets */ = {isa = PBXFileReference; lastKnownFileType = folder.assetcatalog; path = Assets.xcassets; sourceTree = "<group>"; };
		77E7B66C2AA7637C001BEFB0 /* Preview Assets.xcassets */ = {isa = PBXFileReference; lastKnownFileType = folder.assetcatalog; path = "Preview Assets.xcassets"; sourceTree = "<group>"; };
		77E7B67C2AA7641C001BEFB0 /* ExpensesView.swift */ = {isa = PBXFileReference; lastKnownFileType = sourcecode.swift; path = ExpensesView.swift; sourceTree = "<group>"; };
		77E7B67E2AA7666D001BEFB0 /* ExpensesViewModel.swift */ = {isa = PBXFileReference; lastKnownFileType = sourcecode.swift; path = ExpensesViewModel.swift; sourceTree = "<group>"; };
		77E7B6822AA766FD001BEFB0 /* ExpenseItem.swift */ = {isa = PBXFileReference; lastKnownFileType = sourcecode.swift; path = ExpenseItem.swift; sourceTree = "<group>"; };
		77E7B6862AA76F9B001BEFB0 /* ContentUnavailableView.swift */ = {isa = PBXFileReference; lastKnownFileType = sourcecode.swift; path = ContentUnavailableView.swift; sourceTree = "<group>"; };
		77E7B6892AA770A6001BEFB0 /* CGFloat+Extension.swift */ = {isa = PBXFileReference; lastKnownFileType = sourcecode.swift; path = "CGFloat+Extension.swift"; sourceTree = "<group>"; };
		77E7B68B2AA7726A001BEFB0 /* AddExpenseView.swift */ = {isa = PBXFileReference; lastKnownFileType = sourcecode.swift; path = AddExpenseView.swift; sourceTree = "<group>"; };
		77E7B68D2AA77A5A001BEFB0 /* Expenses.swift */ = {isa = PBXFileReference; lastKnownFileType = sourcecode.swift; path = Expenses.swift; sourceTree = "<group>"; };
		77E7B68F2AA7917D001BEFB0 /* ExpenseCardView.swift */ = {isa = PBXFileReference; lastKnownFileType = sourcecode.swift; path = ExpenseCardView.swift; sourceTree = "<group>"; };
/* End PBXFileReference section */

/* Begin PBXFrameworksBuildPhase section */
		77E7B65F2AA7637B001BEFB0 /* Frameworks */ = {
			isa = PBXFrameworksBuildPhase;
			buildActionMask = 2147483647;
			files = (
			);
			runOnlyForDeploymentPostprocessing = 0;
		};
/* End PBXFrameworksBuildPhase section */

/* Begin PBXGroup section */
		77E7B6592AA7637B001BEFB0 = {
			isa = PBXGroup;
			children = (
				77E7B6642AA7637B001BEFB0 /* ExpenseTracker */,
				77E7B6632AA7637B001BEFB0 /* Products */,
			);
			sourceTree = "<group>";
		};
		77E7B6632AA7637B001BEFB0 /* Products */ = {
			isa = PBXGroup;
			children = (
				77E7B6622AA7637B001BEFB0 /* ExpenseTracker.app */,
			);
			name = Products;
			sourceTree = "<group>";
		};
		77E7B6642AA7637B001BEFB0 /* ExpenseTracker */ = {
			isa = PBXGroup;
			children = (
				77E7B6762AA763A7001BEFB0 /* App */,
				77E7B6882AA7706A001BEFB0 /* Extensions */,
				77E7B6752AA7639E001BEFB0 /* Models */,
				77E7B6742AA76399001BEFB0 /* ViewModels */,
				77E7B6732AA76393001BEFB0 /* Views */,
				77E7B66B2AA7637C001BEFB0 /* Preview Content */,
			);
			path = ExpenseTracker;
			sourceTree = "<group>";
		};
		77E7B66B2AA7637C001BEFB0 /* Preview Content */ = {
			isa = PBXGroup;
			children = (
				77E7B66C2AA7637C001BEFB0 /* Preview Assets.xcassets */,
			);
			path = "Preview Content";
			sourceTree = "<group>";
		};
		77E7B6732AA76393001BEFB0 /* Views */ = {
			isa = PBXGroup;
			children = (
				77E7B67C2AA7641C001BEFB0 /* ExpensesView.swift */,
				77E7B68B2AA7726A001BEFB0 /* AddExpenseView.swift */,
				77E7B6772AA763B7001BEFB0 /* CustomViews */,
			);
			path = Views;
			sourceTree = "<group>";
		};
		77E7B6742AA76399001BEFB0 /* ViewModels */ = {
			isa = PBXGroup;
			children = (
				77E7B67E2AA7666D001BEFB0 /* ExpensesViewModel.swift */,
			);
			path = ViewModels;
			sourceTree = "<group>";
		};
		77E7B6752AA7639E001BEFB0 /* Models */ = {
			isa = PBXGroup;
			children = (
				77E7B6822AA766FD001BEFB0 /* ExpenseItem.swift */,
				77E7B68D2AA77A5A001BEFB0 /* Expenses.swift */,
			);
			path = Models;
			sourceTree = "<group>";
		};
		77E7B6762AA763A7001BEFB0 /* App */ = {
			isa = PBXGroup;
			children = (
				77E7B6652AA7637B001BEFB0 /* ExpenseTrackerApp.swift */,
				77E7B6692AA7637C001BEFB0 /* Assets.xcassets */,
			);
			path = App;
			sourceTree = "<group>";
		};
		77E7B6772AA763B7001BEFB0 /* CustomViews */ = {
			isa = PBXGroup;
			children = (
				77E7B6862AA76F9B001BEFB0 /* ContentUnavailableView.swift */,
				77E7B68F2AA7917D001BEFB0 /* ExpenseCardView.swift */,
			);
			path = CustomViews;
			sourceTree = "<group>";
		};
		77E7B6882AA7706A001BEFB0 /* Extensions */ = {
			isa = PBXGroup;
			children = (
				77E7B6892AA770A6001BEFB0 /* CGFloat+Extension.swift */,
			);
			path = Extensions;
			sourceTree = "<group>";
		};
/* End PBXGroup section */

/* Begin PBXNativeTarget section */
		77E7B6612AA7637B001BEFB0 /* ExpenseTracker */ = {
			isa = PBXNativeTarget;
			buildConfigurationList = 77E7B6702AA7637C001BEFB0 /* Build configuration list for PBXNativeTarget "ExpenseTracker" */;
			buildPhases = (
				77E7B65E2AA7637B001BEFB0 /* Sources */,
				77E7B65F2AA7637B001BEFB0 /* Frameworks */,
				77E7B6602AA7637B001BEFB0 /* Resources */,
			);
			buildRules = (
			);
			dependencies = (
			);
			name = ExpenseTracker;
			productName = ExpenseTracker;
			productReference = 77E7B6622AA7637B001BEFB0 /* ExpenseTracker.app */;
			productType = "com.apple.product-type.application";
		};
/* End PBXNativeTarget section */

/* Begin PBXProject section */
		77E7B65A2AA7637B001BEFB0 /* Project object */ = {
			isa = PBXProject;
			attributes = {
				BuildIndependentTargetsInParallel = 1;
				LastSwiftUpdateCheck = 1430;
				LastUpgradeCheck = 1430;
				TargetAttributes = {
					77E7B6612AA7637B001BEFB0 = {
						CreatedOnToolsVersion = 14.3.1;
					};
				};
			};
			buildConfigurationList = 77E7B65D2AA7637B001BEFB0 /* Build configuration list for PBXProject "ExpenseTracker" */;
			compatibilityVersion = "Xcode 14.0";
			developmentRegion = en;
			hasScannedForEncodings = 0;
			knownRegions = (
				en,
				Base,
			);
			mainGroup = 77E7B6592AA7637B001BEFB0;
			productRefGroup = 77E7B6632AA7637B001BEFB0 /* Products */;
			projectDirPath = "";
			projectRoot = "";
			targets = (
				77E7B6612AA7637B001BEFB0 /* ExpenseTracker */,
			);
		};
/* End PBXProject section */

/* Begin PBXResourcesBuildPhase section */
		77E7B6602AA7637B001BEFB0 /* Resources */ = {
			isa = PBXResourcesBuildPhase;
			buildActionMask = 2147483647;
			files = (
				77E7B66D2AA7637C001BEFB0 /* Preview Assets.xcassets in Resources */,
				77E7B66A2AA7637C001BEFB0 /* Assets.xcassets in Resources */,
			);
			runOnlyForDeploymentPostprocessing = 0;
		};
/* End PBXResourcesBuildPhase section */

/* Begin PBXSourcesBuildPhase section */
		77E7B65E2AA7637B001BEFB0 /* Sources */ = {
			isa = PBXSourcesBuildPhase;
			buildActionMask = 2147483647;
			files = (
				77E7B6872AA76F9B001BEFB0 /* ContentUnavailableView.swift in Sources */,
				77E7B6832AA766FD001BEFB0 /* ExpenseItem.swift in Sources */,
				77E7B68A2AA770A6001BEFB0 /* CGFloat+Extension.swift in Sources */,
				77E7B6662AA7637B001BEFB0 /* ExpenseTrackerApp.swift in Sources */,
				77E7B6902AA7917D001BEFB0 /* ExpenseCardView.swift in Sources */,
				77E7B68E2AA77A5A001BEFB0 /* Expenses.swift in Sources */,
				77E7B67F2AA7666D001BEFB0 /* ExpensesViewModel.swift in Sources */,
				77E7B67D2AA7641C001BEFB0 /* ExpensesView.swift in Sources */,
				77E7B68C2AA7726A001BEFB0 /* AddExpenseView.swift in Sources */,
			);
			runOnlyForDeploymentPostprocessing = 0;
		};
/* End PBXSourcesBuildPhase section */

/* Begin XCBuildConfiguration section */
		77E7B66E2AA7637C001BEFB0 /* Debug */ = {
			isa = XCBuildConfiguration;
			buildSettings = {
				ALWAYS_SEARCH_USER_PATHS = NO;
				CLANG_ANALYZER_NONNULL = YES;
				CLANG_ANALYZER_NUMBER_OBJECT_CONVERSION = YES_AGGRESSIVE;
				CLANG_CXX_LANGUAGE_STANDARD = "gnu++20";
				CLANG_ENABLE_MODULES = YES;
				CLANG_ENABLE_OBJC_ARC = YES;
				CLANG_ENABLE_OBJC_WEAK = YES;
				CLANG_WARN_BLOCK_CAPTURE_AUTORELEASING = YES;
				CLANG_WARN_BOOL_CONVERSION = YES;
				CLANG_WARN_COMMA = YES;
				CLANG_WARN_CONSTANT_CONVERSION = YES;
				CLANG_WARN_DEPRECATED_OBJC_IMPLEMENTATIONS = YES;
				CLANG_WARN_DIRECT_OBJC_ISA_USAGE = YES_ERROR;
				CLANG_WARN_DOCUMENTATION_COMMENTS = YES;
				CLANG_WARN_EMPTY_BODY = YES;
				CLANG_WARN_ENUM_CONVERSION = YES;
				CLANG_WARN_INFINITE_RECURSION = YES;
				CLANG_WARN_INT_CONVERSION = YES;
				CLANG_WARN_NON_LITERAL_NULL_CONVERSION = YES;
				CLANG_WARN_OBJC_IMPLICIT_RETAIN_SELF = YES;
				CLANG_WARN_OBJC_LITERAL_CONVERSION = YES;
				CLANG_WARN_OBJC_ROOT_CLASS = YES_ERROR;
				CLANG_WARN_QUOTED_INCLUDE_IN_FRAMEWORK_HEADER = YES;
				CLANG_WARN_RANGE_LOOP_ANALYSIS = YES;
				CLANG_WARN_STRICT_PROTOTYPES = YES;
				CLANG_WARN_SUSPICIOUS_MOVE = YES;
				CLANG_WARN_UNGUARDED_AVAILABILITY = YES_AGGRESSIVE;
				CLANG_WARN_UNREACHABLE_CODE = YES;
				CLANG_WARN__DUPLICATE_METHOD_MATCH = YES;
				COPY_PHASE_STRIP = NO;
				DEBUG_INFORMATION_FORMAT = dwarf;
				ENABLE_STRICT_OBJC_MSGSEND = YES;
				ENABLE_TESTABILITY = YES;
				GCC_C_LANGUAGE_STANDARD = gnu11;
				GCC_DYNAMIC_NO_PIC = NO;
				GCC_NO_COMMON_BLOCKS = YES;
				GCC_OPTIMIZATION_LEVEL = 0;
				GCC_PREPROCESSOR_DEFINITIONS = (
					"DEBUG=1",
					"$(inherited)",
				);
				GCC_WARN_64_TO_32_BIT_CONVERSION = YES;
				GCC_WARN_ABOUT_RETURN_TYPE = YES_ERROR;
				GCC_WARN_UNDECLARED_SELECTOR = YES;
				GCC_WARN_UNINITIALIZED_AUTOS = YES_AGGRESSIVE;
				GCC_WARN_UNUSED_FUNCTION = YES;
				GCC_WARN_UNUSED_VARIABLE = YES;
				IPHONEOS_DEPLOYMENT_TARGET = 16.4;
				MTL_ENABLE_DEBUG_INFO = INCLUDE_SOURCE;
				MTL_FAST_MATH = YES;
				ONLY_ACTIVE_ARCH = YES;
				SDKROOT = iphoneos;
				SWIFT_ACTIVE_COMPILATION_CONDITIONS = DEBUG;
				SWIFT_OPTIMIZATION_LEVEL = "-Onone";
			};
			name = Debug;
		};
		77E7B66F2AA7637C001BEFB0 /* Release */ = {
			isa = XCBuildConfiguration;
			buildSettings = {
				ALWAYS_SEARCH_USER_PATHS = NO;
				CLANG_ANALYZER_NONNULL = YES;
				CLANG_ANALYZER_NUMBER_OBJECT_CONVERSION = YES_AGGRESSIVE;
				CLANG_CXX_LANGUAGE_STANDARD = "gnu++20";
				CLANG_ENABLE_MODULES = YES;
				CLANG_ENABLE_OBJC_ARC = YES;
				CLANG_ENABLE_OBJC_WEAK = YES;
				CLANG_WARN_BLOCK_CAPTURE_AUTORELEASING = YES;
				CLANG_WARN_BOOL_CONVERSION = YES;
				CLANG_WARN_COMMA = YES;
				CLANG_WARN_CONSTANT_CONVERSION = YES;
				CLANG_WARN_DEPRECATED_OBJC_IMPLEMENTATIONS = YES;
				CLANG_WARN_DIRECT_OBJC_ISA_USAGE = YES_ERROR;
				CLANG_WARN_DOCUMENTATION_COMMENTS = YES;
				CLANG_WARN_EMPTY_BODY = YES;
				CLANG_WARN_ENUM_CONVERSION = YES;
				CLANG_WARN_INFINITE_RECURSION = YES;
				CLANG_WARN_INT_CONVERSION = YES;
				CLANG_WARN_NON_LITERAL_NULL_CONVERSION = YES;
				CLANG_WARN_OBJC_IMPLICIT_RETAIN_SELF = YES;
				CLANG_WARN_OBJC_LITERAL_CONVERSION = YES;
				CLANG_WARN_OBJC_ROOT_CLASS = YES_ERROR;
				CLANG_WARN_QUOTED_INCLUDE_IN_FRAMEWORK_HEADER = YES;
				CLANG_WARN_RANGE_LOOP_ANALYSIS = YES;
				CLANG_WARN_STRICT_PROTOTYPES = YES;
				CLANG_WARN_SUSPICIOUS_MOVE = YES;
				CLANG_WARN_UNGUARDED_AVAILABILITY = YES_AGGRESSIVE;
				CLANG_WARN_UNREACHABLE_CODE = YES;
				CLANG_WARN__DUPLICATE_METHOD_MATCH = YES;
				COPY_PHASE_STRIP = NO;
				DEBUG_INFORMATION_FORMAT = "dwarf-with-dsym";
				ENABLE_NS_ASSERTIONS = NO;
				ENABLE_STRICT_OBJC_MSGSEND = YES;
				GCC_C_LANGUAGE_STANDARD = gnu11;
				GCC_NO_COMMON_BLOCKS = YES;
				GCC_WARN_64_TO_32_BIT_CONVERSION = YES;
				GCC_WARN_ABOUT_RETURN_TYPE = YES_ERROR;
				GCC_WARN_UNDECLARED_SELECTOR = YES;
				GCC_WARN_UNINITIALIZED_AUTOS = YES_AGGRESSIVE;
				GCC_WARN_UNUSED_FUNCTION = YES;
				GCC_WARN_UNUSED_VARIABLE = YES;
				IPHONEOS_DEPLOYMENT_TARGET = 16.4;
				MTL_ENABLE_DEBUG_INFO = NO;
				MTL_FAST_MATH = YES;
				SDKROOT = iphoneos;
				SWIFT_COMPILATION_MODE = wholemodule;
				SWIFT_OPTIMIZATION_LEVEL = "-O";
				VALIDATE_PRODUCT = YES;
			};
			name = Release;
		};
		77E7B6712AA7637C001BEFB0 /* Debug */ = {
			isa = XCBuildConfiguration;
			buildSettings = {
				ASSETCATALOG_COMPILER_APPICON_NAME = AppIcon;
				ASSETCATALOG_COMPILER_GLOBAL_ACCENT_COLOR_NAME = AccentColor;
				CODE_SIGN_STYLE = Automatic;
				CURRENT_PROJECT_VERSION = 1;
				DEVELOPMENT_ASSET_PATHS = "\"ExpenseTracker/Preview Content\"";
				DEVELOPMENT_TEAM = 76ZJ9H6F4F;
				ENABLE_PREVIEWS = YES;
				GENERATE_INFOPLIST_FILE = YES;
				INFOPLIST_KEY_UIApplicationSceneManifest_Generation = YES;
				INFOPLIST_KEY_UIApplicationSupportsIndirectInputEvents = YES;
				INFOPLIST_KEY_UILaunchScreen_Generation = YES;
				INFOPLIST_KEY_UISupportedInterfaceOrientations_iPad = "UIInterfaceOrientationPortrait UIInterfaceOrientationPortraitUpsideDown UIInterfaceOrientationLandscapeLeft UIInterfaceOrientationLandscapeRight";
				INFOPLIST_KEY_UISupportedInterfaceOrientations_iPhone = "UIInterfaceOrientationPortrait UIInterfaceOrientationLandscapeLeft UIInterfaceOrientationLandscapeRight";
				LD_RUNPATH_SEARCH_PATHS = (
					"$(inherited)",
					"@executable_path/Frameworks",
				);
				MARKETING_VERSION = 1.0;
				PRODUCT_BUNDLE_IDENTIFIER = com.ozguncanbeydili.ExpenseTracker;
				PRODUCT_NAME = "$(TARGET_NAME)";
				SWIFT_EMIT_LOC_STRINGS = YES;
				SWIFT_VERSION = 5.0;
				TARGETED_DEVICE_FAMILY = "1,2";
			};
			name = Debug;
		};
		77E7B6722AA7637C001BEFB0 /* Release */ = {
			isa = XCBuildConfiguration;
			buildSettings = {
				ASSETCATALOG_COMPILER_APPICON_NAME = AppIcon;
				ASSETCATALOG_COMPILER_GLOBAL_ACCENT_COLOR_NAME = AccentColor;
				CODE_SIGN_STYLE = Automatic;
				CURRENT_PROJECT_VERSION = 1;
				DEVELOPMENT_ASSET_PATHS = "\"ExpenseTracker/Preview Content\"";
				DEVELOPMENT_TEAM = 76ZJ9H6F4F;
				ENABLE_PREVIEWS = YES;
				GENERATE_INFOPLIST_FILE = YES;
				INFOPLIST_KEY_UIApplicationSceneManifest_Generation = YES;
				INFOPLIST_KEY_UIApplicationSupportsIndirectInputEvents = YES;
				INFOPLIST_KEY_UILaunchScreen_Generation = YES;
				INFOPLIST_KEY_UISupportedInterfaceOrientations_iPad = "UIInterfaceOrientationPortrait UIInterfaceOrientationPortraitUpsideDown UIInterfaceOrientationLandscapeLeft UIInterfaceOrientationLandscapeRight";
				INFOPLIST_KEY_UISupportedInterfaceOrientations_iPhone = "UIInterfaceOrientationPortrait UIInterfaceOrientationLandscapeLeft UIInterfaceOrientationLandscapeRight";
				LD_RUNPATH_SEARCH_PATHS = (
					"$(inherited)",
					"@executable_path/Frameworks",
				);
				MARKETING_VERSION = 1.0;
				PRODUCT_BUNDLE_IDENTIFIER = com.ozguncanbeydili.ExpenseTracker;
				PRODUCT_NAME = "$(TARGET_NAME)";
				SWIFT_EMIT_LOC_STRINGS = YES;
				SWIFT_VERSION = 5.0;
				TARGETED_DEVICE_FAMILY = "1,2";
			};
			name = Release;
		};
/* End XCBuildConfiguration section */

/* Begin XCConfigurationList section */
		77E7B65D2AA7637B001BEFB0 /* Build configuration list for PBXProject "ExpenseTracker" */ = {
			isa = XCConfigurationList;
			buildConfigurations = (
				77E7B66E2AA7637C001BEFB0 /* Debug */,
				77E7B66F2AA7637C001BEFB0 /* Release */,
			);
			defaultConfigurationIsVisible = 0;
			defaultConfigurationName = Release;
		};
		77E7B6702AA7637C001BEFB0 /* Build configuration list for PBXNativeTarget "ExpenseTracker" */ = {
			isa = XCConfigurationList;
			buildConfigurations = (
				77E7B6712AA7637C001BEFB0 /* Debug */,
				77E7B6722AA7637C001BEFB0 /* Release */,
			);
			defaultConfigurationIsVisible = 0;
			defaultConfigurationName = Release;
		};
/* End XCConfigurationList section */
	};
	rootObject = 77E7B65A2AA7637B001BEFB0 /* Project object */;
}
